
Microsoft Visual Studio Solution File, Format Version 12.00
# Visual Studio 15
VisualStudioVersion = 15.0.28010.0
MinimumVisualStudioVersion = 10.0.40219.1
Project("{2150E333-8FDC-42A3-9474-1A3956D46DE8}") = "db", "db", "{91265E6A-F95C-CDEF-AE1A-3D9026B4C498}"
EndProject
Project("{2150E333-8FDC-42A3-9474-1A3956D46DE8}") = "src", "src", "{91265E6A-F95C-406A-AE1A-3D9026B4C498}"
EndProject
Project("{FAE04EC0-301F-11D3-BF4B-00C04F79EFBC}") = "Core", "src\Core\Core.csproj", "{C9193853-8CAD-41B4-A66C-758B4CCD82A4}"
EndProject
Project("{FAE04EC0-301F-11D3-BF4B-00C04F79EFBC}") = "EntityData", "src\EntityData\EntityData.csproj", "{DAAFD30D-0D36-4CCF-8302-EE05F88BD2F3}"
EndProject
Project("{FAE04EC0-301F-11D3-BF4B-00C04F79EFBC}") = "Repository", "src\Repository\Repository.csproj", "{E5550F0A-72AD-4D8A-81C6-9E3EC958D282}"
EndProject
Project("{FAE04EC0-301F-11D3-BF4B-00C04F79EFBC}") = "BusinessServices", "src\BusinessServices\BusinessServices.csproj", "{A0F54F90-ACB4-41BF-8643-B7BA0694FD97}"
EndProject
Project("{FAE04EC0-301F-11D3-BF4B-00C04F79EFBC}") = "Model", "src\Model\Model.csproj", "{44E63826-59D4-419C-A24F-FF406865DE1D}"
EndProject
Project("{2150E333-8FDC-42A3-9474-1A3956D46DE8}") = "sqlserver", "sqlserver", "{8CA39525-0880-4A60-9056-053F7B16BABD}"
EndProject
Project("{2150E333-8FDC-42A3-9474-1A3956D46DE8}") = "db", "db", "{B0B1FDA7-A1A3-40B7-89C7-5875342ABFCD}"
	ProjectSection(SolutionItems) = preProject
		db\sqlserver\db\OralCMSDB.mdf = db\sqlserver\db\OralCMSDB.mdf
		db\sqlserver\db\OralCMSDB_log.ldf = db\sqlserver\db\OralCMSDB_log.ldf
	EndProjectSection
EndProject
Project("{2150E333-8FDC-42A3-9474-1A3956D46DE8}") = "query", "query", "{5ABE7C09-2D3D-4030-B60A-A914CC0BEF6D}"
	ProjectSection(SolutionItems) = preProject
		db\sqlserver\query\definition.1.0.0.0.sql = db\sqlserver\query\definition.1.0.0.0.sql
		db\sqlserver\query\masterData.1.0.0.0.sql = db\sqlserver\query\masterData.1.0.0.0.sql
	EndProjectSection
EndProject
Project("{2150E333-8FDC-42A3-9474-1A3956D46DE8}") = "mysql", "mysql", "{E5483770-5F81-4403-92BB-708AD3CFA8F9}"
EndProject
Project("{2150E333-8FDC-42A3-9474-1A3956D46DE8}") = "query", "query", "{014FB1FB-4A8C-4917-8C8F-839076DD5560}"
	ProjectSection(SolutionItems) = preProject
		db\mysql\query\definition.1.0.0.0.sql = db\mysql\query\definition.1.0.0.0.sql
		db\mysql\query\definition.1.1.0.0.sql = db\mysql\query\definition.1.1.0.0.sql
		db\mysql\query\definition.2.0.0.0.sql = db\mysql\query\definition.2.0.0.0.sql
		db\mysql\query\masterData.1.0.0.0.sql = db\mysql\query\masterData.1.0.0.0.sql
		db\mysql\query\masterData.2.0.0.0.sql = db\mysql\query\masterData.2.0.0.0.sql
	EndProjectSection
EndProject
Project("{2150E333-8FDC-42A3-9474-1A3956D46DE8}") = "config", "config", "{AF716937-A44B-4EE8-AA43-DAAEB6D31C14}"
	ProjectSection(SolutionItems) = preProject
		config\log4net.config = config\log4net.config
	EndProjectSection
EndProject
Project("{FAE04EC0-301F-11D3-BF4B-00C04F79EFBC}") = "WpfApp", "src\WpfApp\WpfApp.csproj", "{0DFDB793-B624-4A9E-A1FA-417A70FC8E06}"
EndProject
Global
	GlobalSection(SolutionConfigurationPlatforms) = preSolution
		AppVeyor|Any CPU = AppVeyor|Any CPU
		AppVeyor|ARM = AppVeyor|ARM
		AppVeyor|x64 = AppVeyor|x64
		AppVeyor|x86 = AppVeyor|x86
		Debug|Any CPU = Debug|Any CPU
		Debug|ARM = Debug|ARM
		Debug|x64 = Debug|x64
		Debug|x86 = Debug|x86
		Release|Any CPU = Release|Any CPU
		Release|ARM = Release|ARM
		Release|x64 = Release|x64
		Release|x86 = Release|x86
	EndGlobalSection
	GlobalSection(ProjectConfigurationPlatforms) = postSolution
		{C9193853-8CAD-41B4-A66C-758B4CCD82A4}.AppVeyor|Any CPU.ActiveCfg = Release|Any CPU
		{C9193853-8CAD-41B4-A66C-758B4CCD82A4}.AppVeyor|Any CPU.Build.0 = Release|Any CPU
		{C9193853-8CAD-41B4-A66C-758B4CCD82A4}.AppVeyor|ARM.ActiveCfg = Release|Any CPU
		{C9193853-8CAD-41B4-A66C-758B4CCD82A4}.AppVeyor|ARM.Build.0 = Release|Any CPU
		{C9193853-8CAD-41B4-A66C-758B4CCD82A4}.AppVeyor|x64.ActiveCfg = Release|Any CPU
		{C9193853-8CAD-41B4-A66C-758B4CCD82A4}.AppVeyor|x64.Build.0 = Release|Any CPU
		{C9193853-8CAD-41B4-A66C-758B4CCD82A4}.AppVeyor|x86.ActiveCfg = Release|Any CPU
		{C9193853-8CAD-41B4-A66C-758B4CCD82A4}.AppVeyor|x86.Build.0 = Release|Any CPU
		{C9193853-8CAD-41B4-A66C-758B4CCD82A4}.Debug|Any CPU.ActiveCfg = Debug|Any CPU
		{C9193853-8CAD-41B4-A66C-758B4CCD82A4}.Debug|Any CPU.Build.0 = Debug|Any CPU
		{C9193853-8CAD-41B4-A66C-758B4CCD82A4}.Debug|ARM.ActiveCfg = Debug|Any CPU
		{C9193853-8CAD-41B4-A66C-758B4CCD82A4}.Debug|ARM.Build.0 = Debug|Any CPU
		{C9193853-8CAD-41B4-A66C-758B4CCD82A4}.Debug|x64.ActiveCfg = Debug|Any CPU
		{C9193853-8CAD-41B4-A66C-758B4CCD82A4}.Debug|x64.Build.0 = Debug|Any CPU
		{C9193853-8CAD-41B4-A66C-758B4CCD82A4}.Debug|x86.ActiveCfg = Debug|Any CPU
		{C9193853-8CAD-41B4-A66C-758B4CCD82A4}.Debug|x86.Build.0 = Debug|Any CPU
		{C9193853-8CAD-41B4-A66C-758B4CCD82A4}.Release|Any CPU.ActiveCfg = Release|Any CPU
		{C9193853-8CAD-41B4-A66C-758B4CCD82A4}.Release|Any CPU.Build.0 = Release|Any CPU
		{C9193853-8CAD-41B4-A66C-758B4CCD82A4}.Release|ARM.ActiveCfg = Release|Any CPU
		{C9193853-8CAD-41B4-A66C-758B4CCD82A4}.Release|ARM.Build.0 = Release|Any CPU
		{C9193853-8CAD-41B4-A66C-758B4CCD82A4}.Release|x64.ActiveCfg = Release|Any CPU
		{C9193853-8CAD-41B4-A66C-758B4CCD82A4}.Release|x64.Build.0 = Release|Any CPU
		{C9193853-8CAD-41B4-A66C-758B4CCD82A4}.Release|x86.ActiveCfg = Release|Any CPU
		{C9193853-8CAD-41B4-A66C-758B4CCD82A4}.Release|x86.Build.0 = Release|Any CPU
		{DAAFD30D-0D36-4CCF-8302-EE05F88BD2F3}.AppVeyor|Any CPU.ActiveCfg = Release|Any CPU
		{DAAFD30D-0D36-4CCF-8302-EE05F88BD2F3}.AppVeyor|Any CPU.Build.0 = Release|Any CPU
		{DAAFD30D-0D36-4CCF-8302-EE05F88BD2F3}.AppVeyor|ARM.ActiveCfg = Release|Any CPU
		{DAAFD30D-0D36-4CCF-8302-EE05F88BD2F3}.AppVeyor|ARM.Build.0 = Release|Any CPU
		{DAAFD30D-0D36-4CCF-8302-EE05F88BD2F3}.AppVeyor|x64.ActiveCfg = Release|Any CPU
		{DAAFD30D-0D36-4CCF-8302-EE05F88BD2F3}.AppVeyor|x64.Build.0 = Release|Any CPU
		{DAAFD30D-0D36-4CCF-8302-EE05F88BD2F3}.AppVeyor|x86.ActiveCfg = Release|Any CPU
		{DAAFD30D-0D36-4CCF-8302-EE05F88BD2F3}.AppVeyor|x86.Build.0 = Release|Any CPU
		{DAAFD30D-0D36-4CCF-8302-EE05F88BD2F3}.Debug|Any CPU.ActiveCfg = Debug|Any CPU
		{DAAFD30D-0D36-4CCF-8302-EE05F88BD2F3}.Debug|Any CPU.Build.0 = Debug|Any CPU
		{DAAFD30D-0D36-4CCF-8302-EE05F88BD2F3}.Debug|ARM.ActiveCfg = Debug|Any CPU
		{DAAFD30D-0D36-4CCF-8302-EE05F88BD2F3}.Debug|ARM.Build.0 = Debug|Any CPU
		{DAAFD30D-0D36-4CCF-8302-EE05F88BD2F3}.Debug|x64.ActiveCfg = Debug|Any CPU
		{DAAFD30D-0D36-4CCF-8302-EE05F88BD2F3}.Debug|x64.Build.0 = Debug|Any CPU
		{DAAFD30D-0D36-4CCF-8302-EE05F88BD2F3}.Debug|x86.ActiveCfg = Debug|Any CPU
		{DAAFD30D-0D36-4CCF-8302-EE05F88BD2F3}.Debug|x86.Build.0 = Debug|Any CPU
		{DAAFD30D-0D36-4CCF-8302-EE05F88BD2F3}.Release|Any CPU.ActiveCfg = Release|Any CPU
		{DAAFD30D-0D36-4CCF-8302-EE05F88BD2F3}.Release|Any CPU.Build.0 = Release|Any CPU
		{DAAFD30D-0D36-4CCF-8302-EE05F88BD2F3}.Release|ARM.ActiveCfg = Release|Any CPU
		{DAAFD30D-0D36-4CCF-8302-EE05F88BD2F3}.Release|ARM.Build.0 = Release|Any CPU
		{DAAFD30D-0D36-4CCF-8302-EE05F88BD2F3}.Release|x64.ActiveCfg = Release|Any CPU
		{DAAFD30D-0D36-4CCF-8302-EE05F88BD2F3}.Release|x64.Build.0 = Release|Any CPU
		{DAAFD30D-0D36-4CCF-8302-EE05F88BD2F3}.Release|x86.ActiveCfg = Release|Any CPU
		{DAAFD30D-0D36-4CCF-8302-EE05F88BD2F3}.Release|x86.Build.0 = Release|Any CPU
		{E5550F0A-72AD-4D8A-81C6-9E3EC958D282}.AppVeyor|Any CPU.ActiveCfg = Release|Any CPU
		{E5550F0A-72AD-4D8A-81C6-9E3EC958D282}.AppVeyor|Any CPU.Build.0 = Release|Any CPU
		{E5550F0A-72AD-4D8A-81C6-9E3EC958D282}.AppVeyor|ARM.ActiveCfg = Release|Any CPU
		{E5550F0A-72AD-4D8A-81C6-9E3EC958D282}.AppVeyor|ARM.Build.0 = Release|Any CPU
		{E5550F0A-72AD-4D8A-81C6-9E3EC958D282}.AppVeyor|x64.ActiveCfg = Release|Any CPU
		{E5550F0A-72AD-4D8A-81C6-9E3EC958D282}.AppVeyor|x64.Build.0 = Release|Any CPU
		{E5550F0A-72AD-4D8A-81C6-9E3EC958D282}.AppVeyor|x86.ActiveCfg = Release|Any CPU
		{E5550F0A-72AD-4D8A-81C6-9E3EC958D282}.AppVeyor|x86.Build.0 = Release|Any CPU
		{E5550F0A-72AD-4D8A-81C6-9E3EC958D282}.Debug|Any CPU.ActiveCfg = Debug|Any CPU
		{E5550F0A-72AD-4D8A-81C6-9E3EC958D282}.Debug|Any CPU.Build.0 = Debug|Any CPU
		{E5550F0A-72AD-4D8A-81C6-9E3EC958D282}.Debug|ARM.ActiveCfg = Debug|Any CPU
		{E5550F0A-72AD-4D8A-81C6-9E3EC958D282}.Debug|ARM.Build.0 = Debug|Any CPU
		{E5550F0A-72AD-4D8A-81C6-9E3EC958D282}.Debug|x64.ActiveCfg = Debug|Any CPU
		{E5550F0A-72AD-4D8A-81C6-9E3EC958D282}.Debug|x64.Build.0 = Debug|Any CPU
		{E5550F0A-72AD-4D8A-81C6-9E3EC958D282}.Debug|x86.ActiveCfg = Debug|Any CPU
		{E5550F0A-72AD-4D8A-81C6-9E3EC958D282}.Debug|x86.Build.0 = Debug|Any CPU
		{E5550F0A-72AD-4D8A-81C6-9E3EC958D282}.Release|Any CPU.ActiveCfg = Release|Any CPU
		{E5550F0A-72AD-4D8A-81C6-9E3EC958D282}.Release|Any CPU.Build.0 = Release|Any CPU
		{E5550F0A-72AD-4D8A-81C6-9E3EC958D282}.Release|ARM.ActiveCfg = Release|Any CPU
		{E5550F0A-72AD-4D8A-81C6-9E3EC958D282}.Release|ARM.Build.0 = Release|Any CPU
		{E5550F0A-72AD-4D8A-81C6-9E3EC958D282}.Release|x64.ActiveCfg = Release|Any CPU
		{E5550F0A-72AD-4D8A-81C6-9E3EC958D282}.Release|x64.Build.0 = Release|Any CPU
		{E5550F0A-72AD-4D8A-81C6-9E3EC958D282}.Release|x86.ActiveCfg = Release|Any CPU
		{E5550F0A-72AD-4D8A-81C6-9E3EC958D282}.Release|x86.Build.0 = Release|Any CPU
		{A0F54F90-ACB4-41BF-8643-B7BA0694FD97}.AppVeyor|Any CPU.ActiveCfg = Release|Any CPU
		{A0F54F90-ACB4-41BF-8643-B7BA0694FD97}.AppVeyor|Any CPU.Build.0 = Release|Any CPU
		{A0F54F90-ACB4-41BF-8643-B7BA0694FD97}.AppVeyor|ARM.ActiveCfg = Release|Any CPU
		{A0F54F90-ACB4-41BF-8643-B7BA0694FD97}.AppVeyor|ARM.Build.0 = Release|Any CPU
		{A0F54F90-ACB4-41BF-8643-B7BA0694FD97}.AppVeyor|x64.ActiveCfg = Release|Any CPU
		{A0F54F90-ACB4-41BF-8643-B7BA0694FD97}.AppVeyor|x64.Build.0 = Release|Any CPU
		{A0F54F90-ACB4-41BF-8643-B7BA0694FD97}.AppVeyor|x86.ActiveCfg = Release|Any CPU
		{A0F54F90-ACB4-41BF-8643-B7BA0694FD97}.AppVeyor|x86.Build.0 = Release|Any CPU
		{A0F54F90-ACB4-41BF-8643-B7BA0694FD97}.Debug|Any CPU.ActiveCfg = Debug|Any CPU
		{A0F54F90-ACB4-41BF-8643-B7BA0694FD97}.Debug|Any CPU.Build.0 = Debug|Any CPU
		{A0F54F90-ACB4-41BF-8643-B7BA0694FD97}.Debug|ARM.ActiveCfg = Debug|Any CPU
		{A0F54F90-ACB4-41BF-8643-B7BA0694FD97}.Debug|ARM.Build.0 = Debug|Any CPU
		{A0F54F90-ACB4-41BF-8643-B7BA0694FD97}.Debug|x64.ActiveCfg = Debug|Any CPU
		{A0F54F90-ACB4-41BF-8643-B7BA0694FD97}.Debug|x64.Build.0 = Debug|Any CPU
		{A0F54F90-ACB4-41BF-8643-B7BA0694FD97}.Debug|x86.ActiveCfg = Debug|Any CPU
		{A0F54F90-ACB4-41BF-8643-B7BA0694FD97}.Debug|x86.Build.0 = Debug|Any CPU
		{A0F54F90-ACB4-41BF-8643-B7BA0694FD97}.Release|Any CPU.ActiveCfg = Release|Any CPU
		{A0F54F90-ACB4-41BF-8643-B7BA0694FD97}.Release|Any CPU.Build.0 = Release|Any CPU
		{A0F54F90-ACB4-41BF-8643-B7BA0694FD97}.Release|ARM.ActiveCfg = Release|Any CPU
		{A0F54F90-ACB4-41BF-8643-B7BA0694FD97}.Release|ARM.Build.0 = Release|Any CPU
		{A0F54F90-ACB4-41BF-8643-B7BA0694FD97}.Release|x64.ActiveCfg = Release|Any CPU
		{A0F54F90-ACB4-41BF-8643-B7BA0694FD97}.Release|x64.Build.0 = Release|Any CPU
		{A0F54F90-ACB4-41BF-8643-B7BA0694FD97}.Release|x86.ActiveCfg = Release|Any CPU
		{A0F54F90-ACB4-41BF-8643-B7BA0694FD97}.Release|x86.Build.0 = Release|Any CPU
		{44E63826-59D4-419C-A24F-FF406865DE1D}.AppVeyor|Any CPU.ActiveCfg = Release|Any CPU
		{44E63826-59D4-419C-A24F-FF406865DE1D}.AppVeyor|Any CPU.Build.0 = Release|Any CPU
		{44E63826-59D4-419C-A24F-FF406865DE1D}.AppVeyor|ARM.ActiveCfg = Release|Any CPU
		{44E63826-59D4-419C-A24F-FF406865DE1D}.AppVeyor|ARM.Build.0 = Release|Any CPU
		{44E63826-59D4-419C-A24F-FF406865DE1D}.AppVeyor|x64.ActiveCfg = Release|Any CPU
		{44E63826-59D4-419C-A24F-FF406865DE1D}.AppVeyor|x64.Build.0 = Release|Any CPU
		{44E63826-59D4-419C-A24F-FF406865DE1D}.AppVeyor|x86.ActiveCfg = Release|Any CPU
		{44E63826-59D4-419C-A24F-FF406865DE1D}.AppVeyor|x86.Build.0 = Release|Any CPU
		{44E63826-59D4-419C-A24F-FF406865DE1D}.Debug|Any CPU.ActiveCfg = Debug|Any CPU
		{44E63826-59D4-419C-A24F-FF406865DE1D}.Debug|Any CPU.Build.0 = Debug|Any CPU
		{44E63826-59D4-419C-A24F-FF406865DE1D}.Debug|ARM.ActiveCfg = Debug|Any CPU
		{44E63826-59D4-419C-A24F-FF406865DE1D}.Debug|ARM.Build.0 = Debug|Any CPU
		{44E63826-59D4-419C-A24F-FF406865DE1D}.Debug|x64.ActiveCfg = Debug|Any CPU
		{44E63826-59D4-419C-A24F-FF406865DE1D}.Debug|x64.Build.0 = Debug|Any CPU
		{44E63826-59D4-419C-A24F-FF406865DE1D}.Debug|x86.ActiveCfg = Debug|Any CPU
		{44E63826-59D4-419C-A24F-FF406865DE1D}.Debug|x86.Build.0 = Debug|Any CPU
		{44E63826-59D4-419C-A24F-FF406865DE1D}.Release|Any CPU.ActiveCfg = Release|Any CPU
		{44E63826-59D4-419C-A24F-FF406865DE1D}.Release|Any CPU.Build.0 = Release|Any CPU
		{44E63826-59D4-419C-A24F-FF406865DE1D}.Release|ARM.ActiveCfg = Release|Any CPU
		{44E63826-59D4-419C-A24F-FF406865DE1D}.Release|ARM.Build.0 = Release|Any CPU
		{44E63826-59D4-419C-A24F-FF406865DE1D}.Release|x64.ActiveCfg = Release|Any CPU
		{44E63826-59D4-419C-A24F-FF406865DE1D}.Release|x64.Build.0 = Release|Any CPU
		{44E63826-59D4-419C-A24F-FF406865DE1D}.Release|x86.ActiveCfg = Release|Any CPU
		{44E63826-59D4-419C-A24F-FF406865DE1D}.Release|x86.Build.0 = Release|Any CPU
		{0DFDB793-B624-4A9E-A1FA-417A70FC8E06}.AppVeyor|Any CPU.ActiveCfg = Release|Any CPU
		{0DFDB793-B624-4A9E-A1FA-417A70FC8E06}.AppVeyor|Any CPU.Build.0 = Release|Any CPU
		{0DFDB793-B624-4A9E-A1FA-417A70FC8E06}.AppVeyor|ARM.ActiveCfg = Release|Any CPU
		{0DFDB793-B624-4A9E-A1FA-417A70FC8E06}.AppVeyor|ARM.Build.0 = Release|Any CPU
		{0DFDB793-B624-4A9E-A1FA-417A70FC8E06}.AppVeyor|x64.ActiveCfg = Release|Any CPU
		{0DFDB793-B624-4A9E-A1FA-417A70FC8E06}.AppVeyor|x64.Build.0 = Release|Any CPU
		{0DFDB793-B624-4A9E-A1FA-417A70FC8E06}.AppVeyor|x86.ActiveCfg = Release|Any CPU
		{0DFDB793-B624-4A9E-A1FA-417A70FC8E06}.AppVeyor|x86.Build.0 = Release|Any CPU
		{0DFDB793-B624-4A9E-A1FA-417A70FC8E06}.Debug|Any CPU.ActiveCfg = Debug|Any CPU
		{0DFDB793-B624-4A9E-A1FA-417A70FC8E06}.Debug|Any CPU.Build.0 = Debug|Any CPU
		{0DFDB793-B624-4A9E-A1FA-417A70FC8E06}.Debug|ARM.ActiveCfg = Debug|Any CPU
		{0DFDB793-B624-4A9E-A1FA-417A70FC8E06}.Debug|ARM.Build.0 = Debug|Any CPU
		{0DFDB793-B624-4A9E-A1FA-417A70FC8E06}.Debug|x64.ActiveCfg = Debug|Any CPU
		{0DFDB793-B624-4A9E-A1FA-417A70FC8E06}.Debug|x64.Build.0 = Debug|Any CPU
		{0DFDB793-B624-4A9E-A1FA-417A70FC8E06}.Debug|x86.ActiveCfg = Debug|Any CPU
		{0DFDB793-B624-4A9E-A1FA-417A70FC8E06}.Debug|x86.Build.0 = Debug|Any CPU
		{0DFDB793-B624-4A9E-A1FA-417A70FC8E06}.Release|Any CPU.ActiveCfg = Release|Any CPU
		{0DFDB793-B624-4A9E-A1FA-417A70FC8E06}.Release|Any CPU.Build.0 = Release|Any CPU
		{0DFDB793-B624-4A9E-A1FA-417A70FC8E06}.Release|ARM.ActiveCfg = Release|Any CPU
		{0DFDB793-B624-4A9E-A1FA-417A70FC8E06}.Release|ARM.Build.0 = Release|Any CPU
		{0DFDB793-B624-4A9E-A1FA-417A70FC8E06}.Release|x64.ActiveCfg = Release|Any CPU
		{0DFDB793-B624-4A9E-A1FA-417A70FC8E06}.Release|x64.Build.0 = Release|Any CPU
		{0DFDB793-B624-4A9E-A1FA-417A70FC8E06}.Release|x86.ActiveCfg = Release|Any CPU
		{0DFDB793-B624-4A9E-A1FA-417A70FC8E06}.Release|x86.Build.0 = Release|Any CPU
	EndGlobalSection
	GlobalSection(SolutionProperties) = preSolution
		HideSolutionNode = FALSE
	EndGlobalSection
	GlobalSection(NestedProjects) = preSolution
		{C9193853-8CAD-41B4-A66C-758B4CCD82A4} = {91265E6A-F95C-406A-AE1A-3D9026B4C498}
		{DAAFD30D-0D36-4CCF-8302-EE05F88BD2F3} = {91265E6A-F95C-406A-AE1A-3D9026B4C498}
		{E5550F0A-72AD-4D8A-81C6-9E3EC958D282} = {91265E6A-F95C-406A-AE1A-3D9026B4C498}
		{A0F54F90-ACB4-41BF-8643-B7BA0694FD97} = {91265E6A-F95C-406A-AE1A-3D9026B4C498}
		{44E63826-59D4-419C-A24F-FF406865DE1D} = {91265E6A-F95C-406A-AE1A-3D9026B4C498}
		{8CA39525-0880-4A60-9056-053F7B16BABD} = {91265E6A-F95C-CDEF-AE1A-3D9026B4C498}
		{B0B1FDA7-A1A3-40B7-89C7-5875342ABFCD} = {8CA39525-0880-4A60-9056-053F7B16BABD}
		{5ABE7C09-2D3D-4030-B60A-A914CC0BEF6D} = {8CA39525-0880-4A60-9056-053F7B16BABD}
		{E5483770-5F81-4403-92BB-708AD3CFA8F9} = {91265E6A-F95C-CDEF-AE1A-3D9026B4C498}
		{014FB1FB-4A8C-4917-8C8F-839076DD5560} = {E5483770-5F81-4403-92BB-708AD3CFA8F9}
		{0DFDB793-B624-4A9E-A1FA-417A70FC8E06} = {91265E6A-F95C-406A-AE1A-3D9026B4C498}
	EndGlobalSection
	GlobalSection(ExtensibilityGlobals) = postSolution
		SolutionGuid = {3E02FE59-F2FA-4EFF-9C3F-2072785FD722}
	EndGlobalSection
EndGlobal
